
Microsoft Visual Studio Solution File, Format Version 12.00
# Visual Studio Version 16
VisualStudioVersion = 16.0.29519.181
MinimumVisualStudioVersion = 10.0.40219.1
Project("{9A19103F-16F7-4668-BE54-9A1E7A4F7556}") = "ITPM.Database", "ITProjectsDB\ITPM.Database.csproj", "{2EA5BC63-27F1-4078-BA38-5567D0AD5623}"
EndProject
Project("{9A19103F-16F7-4668-BE54-9A1E7A4F7556}") = "ITPM.App", "ITProjectApp\ITPM.App.csproj", "{BC42182D-0206-4C4F-BECE-E1C26945B09F}"
EndProject
Project("{9A19103F-16F7-4668-BE54-9A1E7A4F7556}") = "ITPM.Repository", "ITProjectsRepository\ITPM.Repository.csproj", "{B4D710D8-2432-47F8-AC03-93CF81DE0844}"
EndProject
Global
	GlobalSection(SolutionConfigurationPlatforms) = preSolution
		Debug|Any CPU = Debug|Any CPU
		Release|Any CPU = Release|Any CPU
	EndGlobalSection
	GlobalSection(ProjectConfigurationPlatforms) = postSolution
		{2EA5BC63-27F1-4078-BA38-5567D0AD5623}.Debug|Any CPU.ActiveCfg = Debug|Any CPU
		{2EA5BC63-27F1-4078-BA38-5567D0AD5623}.Debug|Any CPU.Build.0 = Debug|Any CPU
		{2EA5BC63-27F1-4078-BA38-5567D0AD5623}.Release|Any CPU.ActiveCfg = Release|Any CPU
		{2EA5BC63-27F1-4078-BA38-5567D0AD5623}.Release|Any CPU.Build.0 = Release|Any CPU
		{BC42182D-0206-4C4F-BECE-E1C26945B09F}.Debug|Any CPU.ActiveCfg = Debug|Any CPU
		{BC42182D-0206-4C4F-BECE-E1C26945B09F}.Debug|Any CPU.Build.0 = Debug|Any CPU
		{BC42182D-0206-4C4F-BECE-E1C26945B09F}.Release|Any CPU.ActiveCfg = Release|Any CPU
		{BC42182D-0206-4C4F-BECE-E1C26945B09F}.Release|Any CPU.Build.0 = Release|Any CPU
		{B4D710D8-2432-47F8-AC03-93CF81DE0844}.Debug|Any CPU.ActiveCfg = Debug|Any CPU
		{B4D710D8-2432-47F8-AC03-93CF81DE0844}.Debug|Any CPU.Build.0 = Debug|Any CPU
		{B4D710D8-2432-47F8-AC03-93CF81DE0844}.Release|Any CPU.ActiveCfg = Release|Any CPU
		{B4D710D8-2432-47F8-AC03-93CF81DE0844}.Release|Any CPU.Build.0 = Release|Any CPU
	EndGlobalSection
	GlobalSection(SolutionProperties) = preSolution
		HideSolutionNode = FALSE
	EndGlobalSection
	GlobalSection(ExtensibilityGlobals) = postSolution
		SolutionGuid = {118381A3-DAB0-4157-BA2E-C154F041F585}
	EndGlobalSection
EndGlobal
